{
    "_readme": [
        "This file locks the dependencies of your project to a known state",
        "Read more about it at https://getcomposer.org/doc/01-basic-usage.md#installing-dependencies",
        "This file is @generated automatically"
    ],
    "content-hash": "83860d909059789d50f27ca2c35390ac",
    "packages": [
        {
            "name": "muyomu/database",
            "version": "v1.0.3",
            "source": {
                "type": "git",
                "url": "https://github.com/muyomu/database.git",
                "reference": "7e4e7b94f8668d53400e3873add5ee4afe554c15"
            },
            "dist": {
                "type": "zip",
                "url": "https://api.github.com/repos/muyomu/database/zipball/7e4e7b94f8668d53400e3873add5ee4afe554c15",
                "reference": "7e4e7b94f8668d53400e3873add5ee4afe554c15",
                "shasum": ""
            },
            "type": "library",
            "autoload": {
                "psr-4": {
                    "muyomu\\database\\": "src/"
                }
            },
            "notification-url": "https://packagist.org/downloads/",
            "license": [
                "apache-2.0"
            ],
            "authors": [
                {
                    "name": "mutian",
                    "email": "bhfqlz@qq.com"
                }
            ],
            "description": "The database of muyomu web framework",
            "support": {
                "issues": "https://github.com/muyomu/database/issues",
                "source": "https://github.com/muyomu/database/tree/v1.0.3"
            },
            "time": "2022-10-15T11:56:40+00:00"
        }
    ],
    "packages-dev": [],
    "aliases": [],
    "minimum-stability": "dev",
    "stability-flags": [],
    "prefer-stable": false,
    "prefer-lowest": false,
    "platform": [],
    "platform-dev": [],
    "plugin-api-version": "2.3.0"
}
